
Microsoft Visual Studio Solution File, Format Version 12.00
# Visual Studio Version 17
VisualStudioVersion = 17.0.31717.71
MinimumVisualStudioVersion = 10.0.40219.1
Project("{9A19103F-16F7-4668-BE54-9A1E7A4F7556}") = "SC.DevChallenge.Api", "SC.DevChallenge.Api.csproj", "{3BAC9747-CF06-490C-A891-A7227FD47639}"
EndProject
Project("{FAE04EC0-301F-11D3-BF4B-00C04F79EFBC}") = "FinancialStorageTests", "..\FinancialStorageTests\FinancialStorageTests.csproj", "{BD1266AB-220E-4B4E-911D-BDE38F559134}"
EndProject
Global
	GlobalSection(SolutionConfigurationPlatforms) = preSolution
		Debug|Any CPU = Debug|Any CPU
		Release|Any CPU = Release|Any CPU
	EndGlobalSection
	GlobalSection(ProjectConfigurationPlatforms) = postSolution
		{3BAC9747-CF06-490C-A891-A7227FD47639}.Debug|Any CPU.ActiveCfg = Debug|Any CPU
		{3BAC9747-CF06-490C-A891-A7227FD47639}.Debug|Any CPU.Build.0 = Debug|Any CPU
		{3BAC9747-CF06-490C-A891-A7227FD47639}.Release|Any CPU.ActiveCfg = Release|Any CPU
		{3BAC9747-CF06-490C-A891-A7227FD47639}.Release|Any CPU.Build.0 = Release|Any CPU
		{BD1266AB-220E-4B4E-911D-BDE38F559134}.Debug|Any CPU.ActiveCfg = Debug|Any CPU
		{BD1266AB-220E-4B4E-911D-BDE38F559134}.Debug|Any CPU.Build.0 = Debug|Any CPU
		{BD1266AB-220E-4B4E-911D-BDE38F559134}.Release|Any CPU.ActiveCfg = Release|Any CPU
		{BD1266AB-220E-4B4E-911D-BDE38F559134}.Release|Any CPU.Build.0 = Release|Any CPU
	EndGlobalSection
	GlobalSection(SolutionProperties) = preSolution
		HideSolutionNode = FALSE
	EndGlobalSection
	GlobalSection(ExtensibilityGlobals) = postSolution
		SolutionGuid = {2D202E40-5F12-4868-B8A8-C2C95D141C49}
	EndGlobalSection
EndGlobal
